// !$*UTF8*$!
{
	archiveVersion = 1;
	classes = {
	};
	objectVersion = 50;
	objects = {

/* Begin PBXBuildFile section */
		26214D71215F4387003C2823 /* ReaderView.swift in Sources */ = {isa = PBXBuildFile; fileRef = 26214D70215F4387003C2823 /* ReaderView.swift */; };
		26214D73215F439A003C2823 /* BRReaderView.swift in Sources */ = {isa = PBXBuildFile; fileRef = 26214D72215F439A003C2823 /* BRReaderView.swift */; };
		26214D75215F45EE003C2823 /* ReaderParserProtocol.swift in Sources */ = {isa = PBXBuildFile; fileRef = 26214D74215F45EE003C2823 /* ReaderParserProtocol.swift */; };
		26214D77215F465E003C2823 /* ReaderParser.swift in Sources */ = {isa = PBXBuildFile; fileRef = 26214D76215F465E003C2823 /* ReaderParser.swift */; };
		26214D79215F49C0003C2823 /* ReaderItem.swift in Sources */ = {isa = PBXBuildFile; fileRef = 26214D78215F49C0003C2823 /* ReaderItem.swift */; };
		26A6B98C218046B7009DB327 /* ReaderImageComponentView.swift in Sources */ = {isa = PBXBuildFile; fileRef = 26A6B98B218046B7009DB327 /* ReaderImageComponentView.swift */; };
		26A6B98E218046C9009DB327 /* ReaderImageComponentView.xib in Resources */ = {isa = PBXBuildFile; fileRef = 26A6B98D218046C9009DB327 /* ReaderImageComponentView.xib */; };
		26A6B99021804FB3009DB327 /* ReaderMarkComponentView.swift in Sources */ = {isa = PBXBuildFile; fileRef = 26A6B98F21804FB3009DB327 /* ReaderMarkComponentView.swift */; };
		26A6B99221804FC4009DB327 /* ReaderMarkComponentView.xib in Resources */ = {isa = PBXBuildFile; fileRef = 26A6B99121804FC4009DB327 /* ReaderMarkComponentView.xib */; };
		26E04112217EC13B001A120D /* ReaderHelper.swift in Sources */ = {isa = PBXBuildFile; fileRef = 26E04111217EC13B001A120D /* ReaderHelper.swift */; };
		28EBE136214BC07D008DD1C5 /* AppDelegate.swift in Sources */ = {isa = PBXBuildFile; fileRef = 28EBE135214BC07D008DD1C5 /* AppDelegate.swift */; };
		28EBE138214BC07D008DD1C5 /* ViewController.swift in Sources */ = {isa = PBXBuildFile; fileRef = 28EBE137214BC07D008DD1C5 /* ViewController.swift */; };
		28EBE13B214BC07D008DD1C5 /* Main.storyboard in Resources */ = {isa = PBXBuildFile; fileRef = 28EBE139214BC07D008DD1C5 /* Main.storyboard */; };
		28EBE13D214BC07D008DD1C5 /* Assets.xcassets in Resources */ = {isa = PBXBuildFile; fileRef = 28EBE13C214BC07D008DD1C5 /* Assets.xcassets */; };
		28EBE140214BC07D008DD1C5 /* LaunchScreen.storyboard in Resources */ = {isa = PBXBuildFile; fileRef = 28EBE13E214BC07D008DD1C5 /* LaunchScreen.storyboard */; };
		28EBE14B214BC07D008DD1C5 /* BRReaderViewUITests.swift in Sources */ = {isa = PBXBuildFile; fileRef = 28EBE14A214BC07D008DD1C5 /* BRReaderViewUITests.swift */; };
		C0D7938415B1961B8F4F57B2 /* Pods_BRReaderView.framework in Frameworks */ = {isa = PBXBuildFile; fileRef = EF03E3B95B4602FC4BEA6D2E /* Pods_BRReaderView.framework */; };
/* End PBXBuildFile section */

/* Begin PBXContainerItemProxy section */
		28EBE147214BC07D008DD1C5 /* PBXContainerItemProxy */ = {
			isa = PBXContainerItemProxy;
			containerPortal = 28EBE12A214BC07C008DD1C5 /* Project object */;
			proxyType = 1;
			remoteGlobalIDString = 28EBE131214BC07D008DD1C5;
			remoteInfo = BRReaderView;
		};
/* End PBXContainerItemProxy section */

/* Begin PBXFileReference section */
		26214D70215F4387003C2823 /* ReaderView.swift */ = {isa = PBXFileReference; lastKnownFileType = sourcecode.swift; path = ReaderView.swift; sourceTree = "<group>"; };
		26214D72215F439A003C2823 /* BRReaderView.swift */ = {isa = PBXFileReference; lastKnownFileType = sourcecode.swift; path = BRReaderView.swift; sourceTree = "<group>"; };
		26214D74215F45EE003C2823 /* ReaderParserProtocol.swift */ = {isa = PBXFileReference; lastKnownFileType = sourcecode.swift; path = ReaderParserProtocol.swift; sourceTree = "<group>"; };
		26214D76215F465E003C2823 /* ReaderParser.swift */ = {isa = PBXFileReference; lastKnownFileType = sourcecode.swift; path = ReaderParser.swift; sourceTree = "<group>"; };
		26214D78215F49C0003C2823 /* ReaderItem.swift */ = {isa = PBXFileReference; lastKnownFileType = sourcecode.swift; path = ReaderItem.swift; sourceTree = "<group>"; };
		26A6B98B218046B7009DB327 /* ReaderImageComponentView.swift */ = {isa = PBXFileReference; lastKnownFileType = sourcecode.swift; path = ReaderImageComponentView.swift; sourceTree = "<group>"; };
		26A6B98D218046C9009DB327 /* ReaderImageComponentView.xib */ = {isa = PBXFileReference; lastKnownFileType = file.xib; path = ReaderImageComponentView.xib; sourceTree = "<group>"; };
		26A6B98F21804FB3009DB327 /* ReaderMarkComponentView.swift */ = {isa = PBXFileReference; lastKnownFileType = sourcecode.swift; path = ReaderMarkComponentView.swift; sourceTree = "<group>"; };
		26A6B99121804FC4009DB327 /* ReaderMarkComponentView.xib */ = {isa = PBXFileReference; lastKnownFileType = file.xib; path = ReaderMarkComponentView.xib; sourceTree = "<group>"; };
		26E04111217EC13B001A120D /* ReaderHelper.swift */ = {isa = PBXFileReference; lastKnownFileType = sourcecode.swift; path = ReaderHelper.swift; sourceTree = "<group>"; };
		28EBE132214BC07D008DD1C5 /* BRReaderView.app */ = {isa = PBXFileReference; explicitFileType = wrapper.application; includeInIndex = 0; path = BRReaderView.app; sourceTree = BUILT_PRODUCTS_DIR; };
		28EBE135214BC07D008DD1C5 /* AppDelegate.swift */ = {isa = PBXFileReference; lastKnownFileType = sourcecode.swift; path = AppDelegate.swift; sourceTree = "<group>"; };
		28EBE137214BC07D008DD1C5 /* ViewController.swift */ = {isa = PBXFileReference; lastKnownFileType = sourcecode.swift; path = ViewController.swift; sourceTree = "<group>"; };
		28EBE13A214BC07D008DD1C5 /* Base */ = {isa = PBXFileReference; lastKnownFileType = file.storyboard; name = Base; path = Base.lproj/Main.storyboard; sourceTree = "<group>"; };
		28EBE13C214BC07D008DD1C5 /* Assets.xcassets */ = {isa = PBXFileReference; lastKnownFileType = folder.assetcatalog; path = Assets.xcassets; sourceTree = "<group>"; };
		28EBE13F214BC07D008DD1C5 /* Base */ = {isa = PBXFileReference; lastKnownFileType = file.storyboard; name = Base; path = Base.lproj/LaunchScreen.storyboard; sourceTree = "<group>"; };
		28EBE141214BC07D008DD1C5 /* Info.plist */ = {isa = PBXFileReference; lastKnownFileType = text.plist.xml; path = Info.plist; sourceTree = "<group>"; };
		28EBE146214BC07D008DD1C5 /* BRReaderViewUITests.xctest */ = {isa = PBXFileReference; explicitFileType = wrapper.cfbundle; includeInIndex = 0; path = BRReaderViewUITests.xctest; sourceTree = BUILT_PRODUCTS_DIR; };
		28EBE14A214BC07D008DD1C5 /* BRReaderViewUITests.swift */ = {isa = PBXFileReference; lastKnownFileType = sourcecode.swift; path = BRReaderViewUITests.swift; sourceTree = "<group>"; };
		28EBE14C214BC07D008DD1C5 /* Info.plist */ = {isa = PBXFileReference; lastKnownFileType = text.plist.xml; path = Info.plist; sourceTree = "<group>"; };
		2D1344A81775217CFBAEA557 /* Pods-BRReaderView.release.xcconfig */ = {isa = PBXFileReference; includeInIndex = 1; lastKnownFileType = text.xcconfig; name = "Pods-BRReaderView.release.xcconfig"; path = "Pods/Target Support Files/Pods-BRReaderView/Pods-BRReaderView.release.xcconfig"; sourceTree = "<group>"; };
		C11C5F87AE3067A8F2CC1357 /* Pods-BRReaderView.debug.xcconfig */ = {isa = PBXFileReference; includeInIndex = 1; lastKnownFileType = text.xcconfig; name = "Pods-BRReaderView.debug.xcconfig"; path = "Pods/Target Support Files/Pods-BRReaderView/Pods-BRReaderView.debug.xcconfig"; sourceTree = "<group>"; };
		EF03E3B95B4602FC4BEA6D2E /* Pods_BRReaderView.framework */ = {isa = PBXFileReference; explicitFileType = wrapper.framework; includeInIndex = 0; path = Pods_BRReaderView.framework; sourceTree = BUILT_PRODUCTS_DIR; };
/* End PBXFileReference section */

/* Begin PBXFrameworksBuildPhase section */
		28EBE12F214BC07D008DD1C5 /* Frameworks */ = {
			isa = PBXFrameworksBuildPhase;
			buildActionMask = 2147483647;
			files = (
				C0D7938415B1961B8F4F57B2 /* Pods_BRReaderView.framework in Frameworks */,
			);
			runOnlyForDeploymentPostprocessing = 0;
		};
		28EBE143214BC07D008DD1C5 /* Frameworks */ = {
			isa = PBXFrameworksBuildPhase;
			buildActionMask = 2147483647;
			files = (
			);
			runOnlyForDeploymentPostprocessing = 0;
		};
/* End PBXFrameworksBuildPhase section */

/* Begin PBXGroup section */
		28EBE129214BC07C008DD1C5 = {
			isa = PBXGroup;
			children = (
				28EBE134214BC07D008DD1C5 /* BRReaderView */,
				28EBE149214BC07D008DD1C5 /* BRReaderViewUITests */,
				28EBE133214BC07D008DD1C5 /* Products */,
				DD2CD4BAF5C900A9ABBC97BD /* Pods */,
			);
			sourceTree = "<group>";
		};
		28EBE133214BC07D008DD1C5 /* Products */ = {
			isa = PBXGroup;
			children = (
				28EBE132214BC07D008DD1C5 /* BRReaderView.app */,
				28EBE146214BC07D008DD1C5 /* BRReaderViewUITests.xctest */,
			);
			name = Products;
			sourceTree = "<group>";
		};
		28EBE134214BC07D008DD1C5 /* BRReaderView */ = {
			isa = PBXGroup;
			children = (
				28EBE135214BC07D008DD1C5 /* AppDelegate.swift */,
				28EBE137214BC07D008DD1C5 /* ViewController.swift */,
				26214D72215F439A003C2823 /* BRReaderView.swift */,
				26214D70215F4387003C2823 /* ReaderView.swift */,
				26214D74215F45EE003C2823 /* ReaderParserProtocol.swift */,
				26E04111217EC13B001A120D /* ReaderHelper.swift */,
				26214D76215F465E003C2823 /* ReaderParser.swift */,
				26214D78215F49C0003C2823 /* ReaderItem.swift */,
				26A6B98B218046B7009DB327 /* ReaderImageComponentView.swift */,
				26A6B98D218046C9009DB327 /* ReaderImageComponentView.xib */,
				26A6B98F21804FB3009DB327 /* ReaderMarkComponentView.swift */,
				26A6B99121804FC4009DB327 /* ReaderMarkComponentView.xib */,
				28EBE139214BC07D008DD1C5 /* Main.storyboard */,
				28EBE13C214BC07D008DD1C5 /* Assets.xcassets */,
				28EBE13E214BC07D008DD1C5 /* LaunchScreen.storyboard */,
				28EBE141214BC07D008DD1C5 /* Info.plist */,
			);
			path = BRReaderView;
			sourceTree = "<group>";
		};
		28EBE149214BC07D008DD1C5 /* BRReaderViewUITests */ = {
			isa = PBXGroup;
			children = (
				28EBE14A214BC07D008DD1C5 /* BRReaderViewUITests.swift */,
				28EBE14C214BC07D008DD1C5 /* Info.plist */,
			);
			path = BRReaderViewUITests;
			sourceTree = "<group>";
		};
		DD2CD4BAF5C900A9ABBC97BD /* Pods */ = {
			isa = PBXGroup;
			children = (
				F228FCA8542B560A3A419064 /* Frameworks */,
				C11C5F87AE3067A8F2CC1357 /* Pods-BRReaderView.debug.xcconfig */,
				2D1344A81775217CFBAEA557 /* Pods-BRReaderView.release.xcconfig */,
			);
			name = Pods;
			sourceTree = "<group>";
		};
		F228FCA8542B560A3A419064 /* Frameworks */ = {
			isa = PBXGroup;
			children = (
				EF03E3B95B4602FC4BEA6D2E /* Pods_BRReaderView.framework */,
			);
			name = Frameworks;
			sourceTree = "<group>";
		};
/* End PBXGroup section */

/* Begin PBXNativeTarget section */
		28EBE131214BC07D008DD1C5 /* BRReaderView */ = {
			isa = PBXNativeTarget;
			buildConfigurationList = 28EBE14F214BC07D008DD1C5 /* Build configuration list for PBXNativeTarget "BRReaderView" */;
			buildPhases = (
				BCA1BEA8C52FBE8BED4D2FC7 /* [CP] Check Pods Manifest.lock */,
				28EBE12E214BC07D008DD1C5 /* Sources */,
				28EBE12F214BC07D008DD1C5 /* Frameworks */,
				28EBE130214BC07D008DD1C5 /* Resources */,
				7CD2069F55F9F5ADE099699E /* [CP] Embed Pods Frameworks */,
			);
			buildRules = (
			);
			dependencies = (
			);
			name = BRReaderView;
			productName = BRReaderView;
			productReference = 28EBE132214BC07D008DD1C5 /* BRReaderView.app */;
			productType = "com.apple.product-type.application";
		};
		28EBE145214BC07D008DD1C5 /* BRReaderViewUITests */ = {
			isa = PBXNativeTarget;
			buildConfigurationList = 28EBE152214BC07D008DD1C5 /* Build configuration list for PBXNativeTarget "BRReaderViewUITests" */;
			buildPhases = (
				28EBE142214BC07D008DD1C5 /* Sources */,
				28EBE143214BC07D008DD1C5 /* Frameworks */,
				28EBE144214BC07D008DD1C5 /* Resources */,
			);
			buildRules = (
			);
			dependencies = (
				28EBE148214BC07D008DD1C5 /* PBXTargetDependency */,
			);
			name = BRReaderViewUITests;
			productName = BRReaderViewUITests;
			productReference = 28EBE146214BC07D008DD1C5 /* BRReaderViewUITests.xctest */;
			productType = "com.apple.product-type.bundle.ui-testing";
		};
/* End PBXNativeTarget section */

/* Begin PBXProject section */
		28EBE12A214BC07C008DD1C5 /* Project object */ = {
			isa = PBXProject;
			attributes = {
				LastSwiftUpdateCheck = 1000;
				LastUpgradeCheck = 1000;
				ORGANIZATIONNAME = Archy;
				TargetAttributes = {
					28EBE131214BC07D008DD1C5 = {
						CreatedOnToolsVersion = 10.0;
					};
					28EBE145214BC07D008DD1C5 = {
						CreatedOnToolsVersion = 10.0;
						TestTargetID = 28EBE131214BC07D008DD1C5;
					};
				};
			};
			buildConfigurationList = 28EBE12D214BC07C008DD1C5 /* Build configuration list for PBXProject "BRReaderView" */;
			compatibilityVersion = "Xcode 9.3";
			developmentRegion = en;
			hasScannedForEncodings = 0;
			knownRegions = (
				en,
				Base,
			);
			mainGroup = 28EBE129214BC07C008DD1C5;
			productRefGroup = 28EBE133214BC07D008DD1C5 /* Products */;
			projectDirPath = "";
			projectRoot = "";
			targets = (
				28EBE131214BC07D008DD1C5 /* BRReaderView */,
				28EBE145214BC07D008DD1C5 /* BRReaderViewUITests */,
			);
		};
/* End PBXProject section */

/* Begin PBXResourcesBuildPhase section */
		28EBE130214BC07D008DD1C5 /* Resources */ = {
			isa = PBXResourcesBuildPhase;
			buildActionMask = 2147483647;
			files = (
				28EBE140214BC07D008DD1C5 /* LaunchScreen.storyboard in Resources */,
				26A6B99221804FC4009DB327 /* ReaderMarkComponentView.xib in Resources */,
				26A6B98E218046C9009DB327 /* ReaderImageComponentView.xib in Resources */,
				28EBE13D214BC07D008DD1C5 /* Assets.xcassets in Resources */,
				28EBE13B214BC07D008DD1C5 /* Main.storyboard in Resources */,
			);
			runOnlyForDeploymentPostprocessing = 0;
		};
		28EBE144214BC07D008DD1C5 /* Resources */ = {
			isa = PBXResourcesBuildPhase;
			buildActionMask = 2147483647;
			files = (
			);
			runOnlyForDeploymentPostprocessing = 0;
		};
/* End PBXResourcesBuildPhase section */

/* Begin PBXShellScriptBuildPhase section */
		7CD2069F55F9F5ADE099699E /* [CP] Embed Pods Frameworks */ = {
			isa = PBXShellScriptBuildPhase;
			buildActionMask = 2147483647;
			files = (
			);
			inputFileListPaths = (
			);
			inputPaths = (
				"${SRCROOT}/Pods/Target Support Files/Pods-BRReaderView/Pods-BRReaderView-frameworks.sh",
				"${BUILT_PRODUCTS_DIR}/Kingfisher/Kingfisher.framework",
				"${BUILT_PRODUCTS_DIR}/TinyConstraints/TinyConstraints.framework",
			);
			name = "[CP] Embed Pods Frameworks";
			outputFileListPaths = (
			);
			outputPaths = (
				"${TARGET_BUILD_DIR}/${FRAMEWORKS_FOLDER_PATH}/Kingfisher.framework",
				"${TARGET_BUILD_DIR}/${FRAMEWORKS_FOLDER_PATH}/TinyConstraints.framework",
			);
			runOnlyForDeploymentPostprocessing = 0;
			shellPath = /bin/sh;
			shellScript = "\"${SRCROOT}/Pods/Target Support Files/Pods-BRReaderView/Pods-BRReaderView-frameworks.sh\"\n";
			showEnvVarsInLog = 0;
		};
		BCA1BEA8C52FBE8BED4D2FC7 /* [CP] Check Pods Manifest.lock */ = {
			isa = PBXShellScriptBuildPhase;
			buildActionMask = 2147483647;
			files = (
			);
			inputFileListPaths = (
			);
			inputPaths = (
				"${PODS_PODFILE_DIR_PATH}/Podfile.lock",
				"${PODS_ROOT}/Manifest.lock",
			);
			name = "[CP] Check Pods Manifest.lock";
			outputFileListPaths = (
			);
			outputPaths = (
				"$(DERIVED_FILE_DIR)/Pods-BRReaderView-checkManifestLockResult.txt",
			);
			runOnlyForDeploymentPostprocessing = 0;
			shellPath = /bin/sh;
			shellScript = "diff \"${PODS_PODFILE_DIR_PATH}/Podfile.lock\" \"${PODS_ROOT}/Manifest.lock\" > /dev/null\nif [ $? != 0 ] ; then\n    # print error to STDERR\n    echo \"error: The sandbox is not in sync with the Podfile.lock. Run 'pod install' or update your CocoaPods installation.\" >&2\n    exit 1\nfi\n# This output is used by Xcode 'outputs' to avoid re-running this script phase.\necho \"SUCCESS\" > \"${SCRIPT_OUTPUT_FILE_0}\"\n";
			showEnvVarsInLog = 0;
		};
/* End PBXShellScriptBuildPhase section */

/* Begin PBXSourcesBuildPhase section */
		28EBE12E214BC07D008DD1C5 /* Sources */ = {
			isa = PBXSourcesBuildPhase;
			buildActionMask = 2147483647;
			files = (
				26E04112217EC13B001A120D /* ReaderHelper.swift in Sources */,
				26A6B98C218046B7009DB327 /* ReaderImageComponentView.swift in Sources */,
				28EBE138214BC07D008DD1C5 /* ViewController.swift in Sources */,
				26214D71215F4387003C2823 /* ReaderView.swift in Sources */,
				28EBE136214BC07D008DD1C5 /* AppDelegate.swift in Sources */,
				26214D77215F465E003C2823 /* ReaderParser.swift in Sources */,
				26214D75215F45EE003C2823 /* ReaderParserProtocol.swift in Sources */,
				26214D79215F49C0003C2823 /* ReaderItem.swift in Sources */,
				26A6B99021804FB3009DB327 /* ReaderMarkComponentView.swift in Sources */,
				26214D73215F439A003C2823 /* BRReaderView.swift in Sources */,
			);
			runOnlyForDeploymentPostprocessing = 0;
		};
		28EBE142214BC07D008DD1C5 /* Sources */ = {
			isa = PBXSourcesBuildPhase;
			buildActionMask = 2147483647;
			files = (
				28EBE14B214BC07D008DD1C5 /* BRReaderViewUITests.swift in Sources */,
			);
			runOnlyForDeploymentPostprocessing = 0;
		};
/* End PBXSourcesBuildPhase section */

/* Begin PBXTargetDependency section */
		28EBE148214BC07D008DD1C5 /* PBXTargetDependency */ = {
			isa = PBXTargetDependency;
			target = 28EBE131214BC07D008DD1C5 /* BRReaderView */;
			targetProxy = 28EBE147214BC07D008DD1C5 /* PBXContainerItemProxy */;
		};
/* End PBXTargetDependency section */

/* Begin PBXVariantGroup section */
		28EBE139214BC07D008DD1C5 /* Main.storyboard */ = {
			isa = PBXVariantGroup;
			children = (
				28EBE13A214BC07D008DD1C5 /* Base */,
			);
			name = Main.storyboard;
			sourceTree = "<group>";
		};
		28EBE13E214BC07D008DD1C5 /* LaunchScreen.storyboard */ = {
			isa = PBXVariantGroup;
			children = (
				28EBE13F214BC07D008DD1C5 /* Base */,
			);
			name = LaunchScreen.storyboard;
			sourceTree = "<group>";
		};
/* End PBXVariantGroup section */

/* Begin XCBuildConfiguration section */
		28EBE14D214BC07D008DD1C5 /* Debug */ = {
			isa = XCBuildConfiguration;
			buildSettings = {
				ALWAYS_SEARCH_USER_PATHS = NO;
				CLANG_ANALYZER_NONNULL = YES;
				CLANG_ANALYZER_NUMBER_OBJECT_CONVERSION = YES_AGGRESSIVE;
				CLANG_CXX_LANGUAGE_STANDARD = "gnu++14";
				CLANG_CXX_LIBRARY = "libc++";
				CLANG_ENABLE_MODULES = YES;
				CLANG_ENABLE_OBJC_ARC = YES;
				CLANG_ENABLE_OBJC_WEAK = YES;
				CLANG_WARN_BLOCK_CAPTURE_AUTORELEASING = YES;
				CLANG_WARN_BOOL_CONVERSION = YES;
				CLANG_WARN_COMMA = YES;
				CLANG_WARN_CONSTANT_CONVERSION = YES;
				CLANG_WARN_DEPRECATED_OBJC_IMPLEMENTATIONS = YES;
				CLANG_WARN_DIRECT_OBJC_ISA_USAGE = YES_ERROR;
				CLANG_WARN_DOCUMENTATION_COMMENTS = YES;
				CLANG_WARN_EMPTY_BODY = YES;
				CLANG_WARN_ENUM_CONVERSION = YES;
				CLANG_WARN_INFINITE_RECURSION = YES;
				CLANG_WARN_INT_CONVERSION = YES;
				CLANG_WARN_NON_LITERAL_NULL_CONVERSION = YES;
				CLANG_WARN_OBJC_IMPLICIT_RETAIN_SELF = YES;
				CLANG_WARN_OBJC_LITERAL_CONVERSION = YES;
				CLANG_WARN_OBJC_ROOT_CLASS = YES_ERROR;
				CLANG_WARN_RANGE_LOOP_ANALYSIS = YES;
				CLANG_WARN_STRICT_PROTOTYPES = YES;
				CLANG_WARN_SUSPICIOUS_MOVE = YES;
				CLANG_WARN_UNGUARDED_AVAILABILITY = YES_AGGRESSIVE;
				CLANG_WARN_UNREACHABLE_CODE = YES;
				CLANG_WARN__DUPLICATE_METHOD_MATCH = YES;
				CODE_SIGN_IDENTITY = "iPhone Developer";
				COPY_PHASE_STRIP = NO;
				DEBUG_INFORMATION_FORMAT = dwarf;
				ENABLE_STRICT_OBJC_MSGSEND = YES;
				ENABLE_TESTABILITY = YES;
				GCC_C_LANGUAGE_STANDARD = gnu11;
				GCC_DYNAMIC_NO_PIC = NO;
				GCC_NO_COMMON_BLOCKS = YES;
				GCC_OPTIMIZATION_LEVEL = 0;
				GCC_PREPROCESSOR_DEFINITIONS = (
					"DEBUG=1",
					"$(inherited)",
				);
				GCC_WARN_64_TO_32_BIT_CONVERSION = YES;
				GCC_WARN_ABOUT_RETURN_TYPE = YES_ERROR;
				GCC_WARN_UNDECLARED_SELECTOR = YES;
				GCC_WARN_UNINITIALIZED_AUTOS = YES_AGGRESSIVE;
				GCC_WARN_UNUSED_FUNCTION = YES;
				GCC_WARN_UNUSED_VARIABLE = YES;
				IPHONEOS_DEPLOYMENT_TARGET = 12.0;
				MTL_ENABLE_DEBUG_INFO = INCLUDE_SOURCE;
				MTL_FAST_MATH = YES;
				ONLY_ACTIVE_ARCH = YES;
				SDKROOT = iphoneos;
				SWIFT_ACTIVE_COMPILATION_CONDITIONS = DEBUG;
				SWIFT_OPTIMIZATION_LEVEL = "-Onone";
			};
			name = Debug;
		};
		28EBE14E214BC07D008DD1C5 /* Release */ = {
			isa = XCBuildConfiguration;
			buildSettings = {
				ALWAYS_SEARCH_USER_PATHS = NO;
				CLANG_ANALYZER_NONNULL = YES;
				CLANG_ANALYZER_NUMBER_OBJECT_CONVERSION = YES_AGGRESSIVE;
				CLANG_CXX_LANGUAGE_STANDARD = "gnu++14";
				CLANG_CXX_LIBRARY = "libc++";
				CLANG_ENABLE_MODULES = YES;
				CLANG_ENABLE_OBJC_ARC = YES;
				CLANG_ENABLE_OBJC_WEAK = YES;
				CLANG_WARN_BLOCK_CAPTURE_AUTORELEASING = YES;
				CLANG_WARN_BOOL_CONVERSION = YES;
				CLANG_WARN_COMMA = YES;
				CLANG_WARN_CONSTANT_CONVERSION = YES;
				CLANG_WARN_DEPRECATED_OBJC_IMPLEMENTATIONS = YES;
				CLANG_WARN_DIRECT_OBJC_ISA_USAGE = YES_ERROR;
				CLANG_WARN_DOCUMENTATION_COMMENTS = YES;
				CLANG_WARN_EMPTY_BODY = YES;
				CLANG_WARN_ENUM_CONVERSION = YES;
				CLANG_WARN_INFINITE_RECURSION = YES;
				CLANG_WARN_INT_CONVERSION = YES;
				CLANG_WARN_NON_LITERAL_NULL_CONVERSION = YES;
				CLANG_WARN_OBJC_IMPLICIT_RETAIN_SELF = YES;
				CLANG_WARN_OBJC_LITERAL_CONVERSION = YES;
				CLANG_WARN_OBJC_ROOT_CLASS = YES_ERROR;
				CLANG_WARN_RANGE_LOOP_ANALYSIS = YES;
				CLANG_WARN_STRICT_PROTOTYPES = YES;
				CLANG_WARN_SUSPICIOUS_MOVE = YES;
				CLANG_WARN_UNGUARDED_AVAILABILITY = YES_AGGRESSIVE;
				CLANG_WARN_UNREACHABLE_CODE = YES;
				CLANG_WARN__DUPLICATE_METHOD_MATCH = YES;
				CODE_SIGN_IDENTITY = "iPhone Developer";
				COPY_PHASE_STRIP = NO;
				DEBUG_INFORMATION_FORMAT = "dwarf-with-dsym";
				ENABLE_NS_ASSERTIONS = NO;
				ENABLE_STRICT_OBJC_MSGSEND = YES;
				GCC_C_LANGUAGE_STANDARD = gnu11;
				GCC_NO_COMMON_BLOCKS = YES;
				GCC_WARN_64_TO_32_BIT_CONVERSION = YES;
				GCC_WARN_ABOUT_RETURN_TYPE = YES_ERROR;
				GCC_WARN_UNDECLARED_SELECTOR = YES;
				GCC_WARN_UNINITIALIZED_AUTOS = YES_AGGRESSIVE;
				GCC_WARN_UNUSED_FUNCTION = YES;
				GCC_WARN_UNUSED_VARIABLE = YES;
				IPHONEOS_DEPLOYMENT_TARGET = 12.0;
				MTL_ENABLE_DEBUG_INFO = NO;
				MTL_FAST_MATH = YES;
				SDKROOT = iphoneos;
				SWIFT_COMPILATION_MODE = wholemodule;
				SWIFT_OPTIMIZATION_LEVEL = "-O";
				VALIDATE_PRODUCT = YES;
			};
			name = Release;
		};
		28EBE150214BC07D008DD1C5 /* Debug */ = {
			isa = XCBuildConfiguration;
			baseConfigurationReference = C11C5F87AE3067A8F2CC1357 /* Pods-BRReaderView.debug.xcconfig */;
			buildSettings = {
				ASSETCATALOG_COMPILER_APPICON_NAME = AppIcon;
				CODE_SIGN_STYLE = Automatic;
				DEVELOPMENT_TEAM = ZR4YN8UXKQ;
				INFOPLIST_FILE = BRReaderView/Info.plist;
				LD_RUNPATH_SEARCH_PATHS = (
					"$(inherited)",
					"@executable_path/Frameworks",
				);
				PRODUCT_BUNDLE_IDENTIFIER = com.bearead.BRReaderView;
				PRODUCT_NAME = "$(TARGET_NAME)";
				SWIFT_VERSION = 4.2;
				TARGETED_DEVICE_FAMILY = "1,2";
			};
			name = Debug;
		};
		28EBE151214BC07D008DD1C5 /* Release */ = {
			isa = XCBuildConfiguration;
			baseConfigurationReference = 2D1344A81775217CFBAEA557 /* Pods-BRReaderView.release.xcconfig */;
			buildSettings = {
				ASSETCATALOG_COMPILER_APPICON_NAME = AppIcon;
				CODE_SIGN_STYLE = Automatic;
				DEVELOPMENT_TEAM = ZR4YN8UXKQ;
				INFOPLIST_FILE = BRReaderView/Info.plist;
				LD_RUNPATH_SEARCH_PATHS = (
					"$(inherited)",
					"@executable_path/Frameworks",
				);
				PRODUCT_BUNDLE_IDENTIFIER = com.bearead.BRReaderView;
				PRODUCT_NAME = "$(TARGET_NAME)";
				SWIFT_VERSION = 4.2;
				TARGETED_DEVICE_FAMILY = "1,2";
			};
			name = Release;
		};
		28EBE153214BC07D008DD1C5 /* Debug */ = {
			isa = XCBuildConfiguration;
			buildSettings = {
				ALWAYS_EMBED_SWIFT_STANDARD_LIBRARIES = YES;
				CODE_SIGN_STYLE = Automatic;
				INFOPLIST_FILE = BRReaderViewUITests/Info.plist;
				LD_RUNPATH_SEARCH_PATHS = (
					"$(inherited)",
					"@executable_path/Frameworks",
					"@loader_path/Frameworks",
				);
				PRODUCT_BUNDLE_IDENTIFIER = com.bearead.BRReaderViewUITests;
				PRODUCT_NAME = "$(TARGET_NAME)";
				SWIFT_VERSION = 4.2;
				TARGETED_DEVICE_FAMILY = "1,2";
				TEST_TARGET_NAME = BRReaderView;
			};
			name = Debug;
		};
		28EBE154214BC07D008DD1C5 /* Release */ = {
			isa = XCBuildConfiguration;
			buildSettings = {
				ALWAYS_EMBED_SWIFT_STANDARD_LIBRARIES = YES;
				CODE_SIGN_STYLE = Automatic;
				INFOPLIST_FILE = BRReaderViewUITests/Info.plist;
				LD_RUNPATH_SEARCH_PATHS = (
					"$(inherited)",
					"@executable_path/Frameworks",
					"@loader_path/Frameworks",
				);
				PRODUCT_BUNDLE_IDENTIFIER = com.bearead.BRReaderViewUITests;
				PRODUCT_NAME = "$(TARGET_NAME)";
				SWIFT_VERSION = 4.2;
				TARGETED_DEVICE_FAMILY = "1,2";
				TEST_TARGET_NAME = BRReaderView;
			};
			name = Release;
		};
/* End XCBuildConfiguration section */

/* Begin XCConfigurationList section */
		28EBE12D214BC07C008DD1C5 /* Build configuration list for PBXProject "BRReaderView" */ = {
			isa = XCConfigurationList;
			buildConfigurations = (
				28EBE14D214BC07D008DD1C5 /* Debug */,
				28EBE14E214BC07D008DD1C5 /* Release */,
			);
			defaultConfigurationIsVisible = 0;
			defaultConfigurationName = Release;
		};
		28EBE14F214BC07D008DD1C5 /* Build configuration list for PBXNativeTarget "BRReaderView" */ = {
			isa = XCConfigurationList;
			buildConfigurations = (
				28EBE150214BC07D008DD1C5 /* Debug */,
				28EBE151214BC07D008DD1C5 /* Release */,
			);
			defaultConfigurationIsVisible = 0;
			defaultConfigurationName = Release;
		};
		28EBE152214BC07D008DD1C5 /* Build configuration list for PBXNativeTarget "BRReaderViewUITests" */ = {
			isa = XCConfigurationList;
			buildConfigurations = (
				28EBE153214BC07D008DD1C5 /* Debug */,
				28EBE154214BC07D008DD1C5 /* Release */,
			);
			defaultConfigurationIsVisible = 0;
			defaultConfigurationName = Release;
		};
/* End XCConfigurationList section */
	};
	rootObject = 28EBE12A214BC07C008DD1C5 /* Project object */;
}
